
Microsoft Visual Studio Solution File, Format Version 12.00
# Visual Studio Version 17
VisualStudioVersion = 17.2.32519.379
MinimumVisualStudioVersion = 10.0.40219.1
Project("{FAE04EC0-301F-11D3-BF4B-00C04F79EFBC}") = "Feedback", "Feedback\Feedback.csproj", "{C8BFBF89-16BA-4888-99F6-57A3AE699410}"
EndProject
Global
	GlobalSection(SolutionConfigurationPlatforms) = preSolution
		Debug|Any CPU = Debug|Any CPU
		Release|Any CPU = Release|Any CPU
	EndGlobalSection
	GlobalSection(ProjectConfigurationPlatforms) = postSolution
		{C8BFBF89-16BA-4888-99F6-57A3AE699410}.Debug|Any CPU.ActiveCfg = Debug|Any CPU
		{C8BFBF89-16BA-4888-99F6-57A3AE699410}.Debug|Any CPU.Build.0 = Debug|Any CPU
		{C8BFBF89-16BA-4888-99F6-57A3AE699410}.Release|Any CPU.ActiveCfg = Release|Any CPU
		{C8BFBF89-16BA-4888-99F6-57A3AE699410}.Release|Any CPU.Build.0 = Release|Any CPU
	EndGlobalSection
	GlobalSection(SolutionProperties) = preSolution
		HideSolutionNode = FALSE
	EndGlobalSection
	GlobalSection(ExtensibilityGlobals) = postSolution
		SolutionGuid = {8C831133-4E80-4FE8-A63D-39504B129CA0}
	EndGlobalSection
EndGlobal
